version = 2

[[dependencies]]
name = "@openzeppelin-contracts"
version = "5.7.0"
url = "https://soldeer-revisions.s3.amazonaws.com/@openzeppelin-contracts/5_7_0_29-07-2026_19:34:46_contracts.zip"
checksum = "fe08a24bc34334b2976c6ad69a0d74bdfa63de8a5c8528579060f25a11fb5cd5"
integrity = "3e13bc4d96bdef6e35f6b1e0dc0e455843a958edc597750dff20ca50295b767d"

[[dependencies]]
name = "@openzeppelin-contracts-upgradeable"
version = "5.7.0"
url = "https://soldeer-revisions.s3.amazonaws.com/@openzeppelin-contracts-upgradeable/5_7_0_29-07-2026_19:34:58_contracts-upgradeable.zip"
checksum = "fba3ad8586bf64281bab2aecd2cf0eb31227ccc5976f962d400e8cc5898da413"
integrity = "1a08068b2fe262d4f6ae80e0be44965480b1a532d40722c80634d8963337743d"

[[dependencies]]
name = "flare-periphery"
version = "0.1.38"
url = "https://soldeer-revisions.s3.amazonaws.com/flare-periphery/0_1_38_26-09-2025_13:32:05_soldeer-flare-periphery.zip"
checksum = "7d160edce05a2e93d3f3b8bfb3e7122fbea649496c8c734ef4ee718490c1df3b"
integrity = "c35a2e55c092519abcacf92a6a7e2f1571c2bef94bdcc2b5e5e616830740bccf"

[[dependencies]]
name = "forge-std"
version = "1.10.0"
url = "https://soldeer-revisions.s3.amazonaws.com/forge-std/1_10_0_02-08-2025_06:50:35_forge-std-1.10.zip"
checksum = "8cc59e92a7762c170c15f2102c4f3718106dfc78239978fe87c64f316740cc09"
integrity = "3fd441e2499c5cf04ef9b4126f52150a50dcef9cac1645ff7a955345e947cd04"
